
Microsoft Visual Studio Solution File, Format Version 12.00
# Visual Studio Version 17
VisualStudioVersion = 17.7.34202.233
MinimumVisualStudioVersion = 10.0.40219.1
Project("{FAE04EC0-301F-11D3-BF4B-00C04F79EFBC}") = "SRPDemo", "SRPDemo\SRPDemo.csproj", "{1BEB7D1C-BF0E-44B6-AE33-D51A6AED9A24}"
EndProject
Project("{FAE04EC0-301F-11D3-BF4B-00C04F79EFBC}") = "ISPDemo", "ISPDemo\ISPDemo.csproj", "{C4DB4C31-961F-46C8-937D-1B401B6A3A0E}"
EndProject
Project("{FAE04EC0-301F-11D3-BF4B-00C04F79EFBC}") = "OpenCloseDemo", "OpenCloseDemo\OpenCloseDemo.csproj", "{87F1C969-2F0F-4257-8FC0-1A0FB429C811}"
EndProject
Project("{FAE04EC0-301F-11D3-BF4B-00C04F79EFBC}") = "LiskovDemo", "LiskovDemo\LiskovDemo.csproj", "{7E9353F1-63E1-4799-9157-EE82C7D11B14}"
EndProject
Project("{FAE04EC0-301F-11D3-BF4B-00C04F79EFBC}") = "LiskovSolution", "LiskovSolution\LiskovSolution.csproj", "{3B199BF8-1513-48C9-A099-4CDDE822D25F}"
EndProject
Global
	GlobalSection(SolutionConfigurationPlatforms) = preSolution
		Debug|Any CPU = Debug|Any CPU
		Release|Any CPU = Release|Any CPU
	EndGlobalSection
	GlobalSection(ProjectConfigurationPlatforms) = postSolution
		{1BEB7D1C-BF0E-44B6-AE33-D51A6AED9A24}.Debug|Any CPU.ActiveCfg = Debug|Any CPU
		{1BEB7D1C-BF0E-44B6-AE33-D51A6AED9A24}.Debug|Any CPU.Build.0 = Debug|Any CPU
		{1BEB7D1C-BF0E-44B6-AE33-D51A6AED9A24}.Release|Any CPU.ActiveCfg = Release|Any CPU
		{1BEB7D1C-BF0E-44B6-AE33-D51A6AED9A24}.Release|Any CPU.Build.0 = Release|Any CPU
		{C4DB4C31-961F-46C8-937D-1B401B6A3A0E}.Debug|Any CPU.ActiveCfg = Debug|Any CPU
		{C4DB4C31-961F-46C8-937D-1B401B6A3A0E}.Debug|Any CPU.Build.0 = Debug|Any CPU
		{C4DB4C31-961F-46C8-937D-1B401B6A3A0E}.Release|Any CPU.ActiveCfg = Release|Any CPU
		{C4DB4C31-961F-46C8-937D-1B401B6A3A0E}.Release|Any CPU.Build.0 = Release|Any CPU
		{87F1C969-2F0F-4257-8FC0-1A0FB429C811}.Debug|Any CPU.ActiveCfg = Debug|Any CPU
		{87F1C969-2F0F-4257-8FC0-1A0FB429C811}.Debug|Any CPU.Build.0 = Debug|Any CPU
		{87F1C969-2F0F-4257-8FC0-1A0FB429C811}.Release|Any CPU.ActiveCfg = Release|Any CPU
		{87F1C969-2F0F-4257-8FC0-1A0FB429C811}.Release|Any CPU.Build.0 = Release|Any CPU
		{7E9353F1-63E1-4799-9157-EE82C7D11B14}.Debug|Any CPU.ActiveCfg = Debug|Any CPU
		{7E9353F1-63E1-4799-9157-EE82C7D11B14}.Debug|Any CPU.Build.0 = Debug|Any CPU
		{7E9353F1-63E1-4799-9157-EE82C7D11B14}.Release|Any CPU.ActiveCfg = Release|Any CPU
		{7E9353F1-63E1-4799-9157-EE82C7D11B14}.Release|Any CPU.Build.0 = Release|Any CPU
		{3B199BF8-1513-48C9-A099-4CDDE822D25F}.Debug|Any CPU.ActiveCfg = Debug|Any CPU
		{3B199BF8-1513-48C9-A099-4CDDE822D25F}.Debug|Any CPU.Build.0 = Debug|Any CPU
		{3B199BF8-1513-48C9-A099-4CDDE822D25F}.Release|Any CPU.ActiveCfg = Release|Any CPU
		{3B199BF8-1513-48C9-A099-4CDDE822D25F}.Release|Any CPU.Build.0 = Release|Any CPU
	EndGlobalSection
	GlobalSection(SolutionProperties) = preSolution
		HideSolutionNode = FALSE
	EndGlobalSection
	GlobalSection(ExtensibilityGlobals) = postSolution
		SolutionGuid = {0A8E8FA0-D1BC-4ADF-BE36-065A2F691DA0}
	EndGlobalSection
EndGlobal
